{
  "version": 4,
  "terraform_version": "1.13.2",
  "serial": 3,
  "lineage": "2deba159-d83d-86ab-33fb-54f8c4dbc727",
  "outputs": {
    "databricks_cluster_id": {
      "value": "0916-020554-2wdb5fow",
      "type": "string"
    },
    "notebook_url": {
      "value": "https://adb-619632897902126.6.azuredatabricks.net/#notebook//Shared/energy_forecast",
      "type": "string"
    }
  },
  "resources": [
    {
      "mode": "managed",
      "type": "databricks_cluster",
      "name": "low_cost",
      "provider": "provider[\"registry.terraform.io/databricks/databricks\"]",
      "instances": [
        {
          "schema_version": 4,
          "attributes": {
            "apply_policy_default_values": null,
            "autoscale": [],
            "autotermination_minutes": 20,
            "aws_attributes": [],
            "azure_attributes": [
              {
                "availability": "ON_DEMAND_AZURE",
                "first_on_demand": 1,
                "log_analytics_info": [],
                "spot_bid_max_price": -1
              }
            ],
            "cluster_id": "0916-020554-2wdb5fow",
            "cluster_log_conf": [],
            "cluster_mount_info": [],
            "cluster_name": "mlops-cluster",
            "custom_tags": null,
            "data_security_mode": null,
            "default_tags": {
              "ClusterId": "0916-020554-2wdb5fow",
              "ClusterName": "mlops-cluster",
              "Creator": "anubhav.jetley123@gmail.com",
              "Vendor": "Databricks"
            },
            "docker_image": [],
            "driver_instance_pool_id": null,
            "driver_node_type_id": "Standard_DS3_v2",
            "enable_elastic_disk": true,
            "enable_local_disk_encryption": false,
            "gcp_attributes": [],
            "id": "0916-020554-2wdb5fow",
            "idempotency_token": null,
            "init_scripts": [],
            "instance_pool_id": null,
            "is_pinned": false,
            "is_single_node": false,
            "kind": null,
            "library": [],
            "no_wait": null,
            "node_type_id": "Standard_DS3_v2",
            "num_workers": 0,
            "policy_id": null,
            "remote_disk_throughput": 0,
            "runtime_engine": null,
            "single_user_name": null,
            "spark_conf": null,
            "spark_env_vars": null,
            "spark_version": "13.3.x-scala2.12",
            "ssh_public_keys": null,
            "state": "RUNNING",
            "timeouts": null,
            "total_initial_remote_disk_size": 0,
            "url": "https://adb-619632897902126.6.azuredatabricks.net/#setting/clusters/0916-020554-2wdb5fow/configuration",
            "use_ml_runtime": false,
            "workload_type": []
          },
          "sensitive_attributes": [],
          "identity_schema_version": 0,
          "private": "eyJlMmJmYjczMC1lY2FhLTExZTYtOGY4OC0zNDM2M2JjN2M0YzAiOnsiY3JlYXRlIjoxODAwMDAwMDAwMDAwLCJkZWxldGUiOjE4MDAwMDAwMDAwMDAsInVwZGF0ZSI6MTgwMDAwMDAwMDAwMH0sInNjaGVtYV92ZXJzaW9uIjoiNCJ9"
        }
      ]
    },
    {
      "mode": "managed",
      "type": "databricks_notebook",
      "name": "example",
      "provider": "provider[\"registry.terraform.io/databricks/databricks\"]",
      "instances": [
        {
          "schema_version": 1,
          "attributes": {
            "content_base64": null,
            "format": "SOURCE",
            "id": "/Shared/energy_forecast",
            "language": "PYTHON",
            "md5": "d41d8cd98f00b204e9800998ecf8427e",
            "object_id": 1131043620892991,
            "object_type": "NOTEBOOK",
            "path": "/Shared/energy_forecast",
            "source": "./notebook/forecast.py",
            "url": "https://adb-619632897902126.6.azuredatabricks.net/#workspace/Shared/energy_forecast",
            "workspace_path": "/Workspace/Shared/energy_forecast"
          },
          "sensitive_attributes": [],
          "identity_schema_version": 0,
          "private": "eyJzY2hlbWFfdmVyc2lvbiI6IjEifQ==",
          "dependencies": [
            "databricks_cluster.low_cost"
          ]
        }
      ]
    }
  ],
  "check_results": null
}
